
Microsoft Visual Studio Solution File, Format Version 12.00
# Visual Studio 15
VisualStudioVersion = 15.0.27428.2043
MinimumVisualStudioVersion = 10.0.40219.1
Project("{FAE04EC0-301F-11D3-BF4B-00C04F79EFBC}") = "TDD.Ecommerce.Service", "TDD.Ecommerce.Service\TDD.Ecommerce.Service.csproj", "{28C88B6C-3C40-41F9-B828-C1C6E869A4E9}"
EndProject
Project("{FAE04EC0-301F-11D3-BF4B-00C04F79EFBC}") = "TDD.Ecommerce.Tests", "TDD.Ecommerce.Tests\TDD.Ecommerce.Tests.csproj", "{D0CBBE8A-2A0D-43D8-AA7A-0B1D1114C6C0}"
EndProject
Project("{FAE04EC0-301F-11D3-BF4B-00C04F79EFBC}") = "TDD.Ecommerce.WebApp", "TDD.Ecommerce.WebApp\TDD.Ecommerce.WebApp.csproj", "{04374A7A-ED4D-494E-B60F-055C9EC82DBB}"
EndProject
Global
	GlobalSection(SolutionConfigurationPlatforms) = preSolution
		Debug|Any CPU = Debug|Any CPU
		Release|Any CPU = Release|Any CPU
	EndGlobalSection
	GlobalSection(ProjectConfigurationPlatforms) = postSolution
		{28C88B6C-3C40-41F9-B828-C1C6E869A4E9}.Debug|Any CPU.ActiveCfg = Debug|Any CPU
		{28C88B6C-3C40-41F9-B828-C1C6E869A4E9}.Debug|Any CPU.Build.0 = Debug|Any CPU
		{28C88B6C-3C40-41F9-B828-C1C6E869A4E9}.Release|Any CPU.ActiveCfg = Release|Any CPU
		{28C88B6C-3C40-41F9-B828-C1C6E869A4E9}.Release|Any CPU.Build.0 = Release|Any CPU
		{D0CBBE8A-2A0D-43D8-AA7A-0B1D1114C6C0}.Debug|Any CPU.ActiveCfg = Debug|Any CPU
		{D0CBBE8A-2A0D-43D8-AA7A-0B1D1114C6C0}.Debug|Any CPU.Build.0 = Debug|Any CPU
		{D0CBBE8A-2A0D-43D8-AA7A-0B1D1114C6C0}.Release|Any CPU.ActiveCfg = Release|Any CPU
		{D0CBBE8A-2A0D-43D8-AA7A-0B1D1114C6C0}.Release|Any CPU.Build.0 = Release|Any CPU
		{04374A7A-ED4D-494E-B60F-055C9EC82DBB}.Debug|Any CPU.ActiveCfg = Debug|Any CPU
		{04374A7A-ED4D-494E-B60F-055C9EC82DBB}.Release|Any CPU.ActiveCfg = Release|Any CPU
		{04374A7A-ED4D-494E-B60F-055C9EC82DBB}.Release|Any CPU.Build.0 = Release|Any CPU
	EndGlobalSection
	GlobalSection(SolutionProperties) = preSolution
		HideSolutionNode = FALSE
	EndGlobalSection
	GlobalSection(ExtensibilityGlobals) = postSolution
		EnterpriseLibraryConfigurationToolBinariesPathV6 = packages\EnterpriseLibrary.Common.6.0.1304.0\lib\NET45;packages\EnterpriseLibrary.Data.6.0.1304.0\lib\NET45
		SolutionGuid = {AF3F57AB-2457-4FA8-BB74-0F4F46FF298B}
	EndGlobalSection
EndGlobal
